PODS:
  - SQLCipher (4.2.0):
    - SQLCipher/standard (= 4.2.0)
  - SQLCipher/common (4.2.0)
  - SQLCipher/standard (4.2.0):
    - SQLCipher/common

DEPENDENCIES:
  - SQLCipher (~> 4.0)

SPEC REPOS:
  https://github.com/CocoaPods/Specs:
    - SQLCipher

SPEC CHECKSUMS:
  SQLCipher: 0187a2180ac288ea686b670b7141da62cd013b16

PODFILE CHECKSUM: e708a356341f2c2def39aaa856a91cd86f3f76c0

COCOAPODS: 1.11.3
